
Microsoft Visual Studio Solution File, Format Version 11.00
# Visual Studio 2010
Project("{FAE04EC0-301F-11D3-BF4B-00C04F79EFBC}") = "Assembly-CSharp", "Assembly-CSharp.csproj", "{8AB67485-B40A-5AFD-8F17-BED15CA0EBB2}"
EndProject
Project("{FAE04EC0-301F-11D3-BF4B-00C04F79EFBC}") = "Assembly-CSharp-Editor", "Assembly-CSharp-Editor.csproj", "{AAA427F7-00D8-CC8A-7FD3-92B60B0B8EBC}"
EndProject
Global
	GlobalSection(SolutionConfigurationPlatforms) = preSolution
		Debug|Any CPU = Debug|Any CPU
		Release|Any CPU = Release|Any CPU
	EndGlobalSection
	GlobalSection(ProjectConfigurationPlatforms) = postSolution
		{8AB67485-B40A-5AFD-8F17-BED15CA0EBB2}.Debug|Any CPU.ActiveCfg = Debug|Any CPU
		{8AB67485-B40A-5AFD-8F17-BED15CA0EBB2}.Debug|Any CPU.Build.0 = Debug|Any CPU
		{8AB67485-B40A-5AFD-8F17-BED15CA0EBB2}.Release|Any CPU.ActiveCfg = Release|Any CPU
		{8AB67485-B40A-5AFD-8F17-BED15CA0EBB2}.Release|Any CPU.Build.0 = Release|Any CPU
		{AAA427F7-00D8-CC8A-7FD3-92B60B0B8EBC}.Debug|Any CPU.ActiveCfg = Debug|Any CPU
		{AAA427F7-00D8-CC8A-7FD3-92B60B0B8EBC}.Debug|Any CPU.Build.0 = Debug|Any CPU
		{AAA427F7-00D8-CC8A-7FD3-92B60B0B8EBC}.Release|Any CPU.ActiveCfg = Release|Any CPU
		{AAA427F7-00D8-CC8A-7FD3-92B60B0B8EBC}.Release|Any CPU.Build.0 = Release|Any CPU
	EndGlobalSection
	GlobalSection(SolutionProperties) = preSolution
		HideSolutionNode = FALSE
	EndGlobalSection
EndGlobal
